
Microsoft Visual Studio Solution File, Format Version 12.00
# Visual Studio Version 16
VisualStudioVersion = 16.0.34031.81
MinimumVisualStudioVersion = 10.0.40219.1
Project("{888888A0-9F3D-457C-B088-3A5042F75D52}") = "DataStructuresAVLTrees", "DataStructuresAVLTrees\DataStructuresAVLTrees.pyproj", "{2E123DED-E045-4B7E-8822-A4C137FE863A}"
EndProject
Global
	GlobalSection(SolutionConfigurationPlatforms) = preSolution
		Debug|Any CPU = Debug|Any CPU
		Release|Any CPU = Release|Any CPU
	EndGlobalSection
	GlobalSection(ProjectConfigurationPlatforms) = postSolution
		{2E123DED-E045-4B7E-8822-A4C137FE863A}.Debug|Any CPU.ActiveCfg = Debug|Any CPU
		{2E123DED-E045-4B7E-8822-A4C137FE863A}.Release|Any CPU.ActiveCfg = Release|Any CPU
	EndGlobalSection
	GlobalSection(SolutionProperties) = preSolution
		HideSolutionNode = FALSE
	EndGlobalSection
	GlobalSection(ExtensibilityGlobals) = postSolution
		SolutionGuid = {807A3707-A2AC-4E5D-8D41-F804C2414F36}
	EndGlobalSection
EndGlobal
