
Microsoft Visual Studio Solution File, Format Version 12.00
# Visual Studio Version 16
VisualStudioVersion = 16.0.34031.81
MinimumVisualStudioVersion = 10.0.40219.1
Project("{888888A0-9F3D-457C-B088-3A5042F75D52}") = "GraphAlgorithmsGraph Traversal Algorithms", "GraphAlgorithmsGraph Traversal Algorithms\GraphAlgorithmsGraph Traversal Algorithms.pyproj", "{F451E4EE-2862-47E1-9DBF-2AA02D1FA5F3}"
EndProject
Global
	GlobalSection(SolutionConfigurationPlatforms) = preSolution
		Debug|Any CPU = Debug|Any CPU
		Release|Any CPU = Release|Any CPU
	EndGlobalSection
	GlobalSection(ProjectConfigurationPlatforms) = postSolution
		{F451E4EE-2862-47E1-9DBF-2AA02D1FA5F3}.Debug|Any CPU.ActiveCfg = Debug|Any CPU
		{F451E4EE-2862-47E1-9DBF-2AA02D1FA5F3}.Release|Any CPU.ActiveCfg = Release|Any CPU
	EndGlobalSection
	GlobalSection(SolutionProperties) = preSolution
		HideSolutionNode = FALSE
	EndGlobalSection
	GlobalSection(ExtensibilityGlobals) = postSolution
		SolutionGuid = {AC8F17F8-4DDD-4C9B-9E5B-77C54FB5A42B}
	EndGlobalSection
EndGlobal
