
Microsoft Visual Studio Solution File, Format Version 12.00
# Visual Studio Version 16
VisualStudioVersion = 16.0.34031.81
MinimumVisualStudioVersion = 10.0.40219.1
Project("{888888A0-9F3D-457C-B088-3A5042F75D52}") = "DataStructuresAssociativeArrays(Dictionaries)2", "DataStructuresAssociativeArrays(Dictionaries)2\DataStructuresAssociativeArrays(Dictionaries)2.pyproj", "{567145CC-3817-457B-B13B-A0B4640003AB}"
EndProject
Global
	GlobalSection(SolutionConfigurationPlatforms) = preSolution
		Debug|Any CPU = Debug|Any CPU
		Release|Any CPU = Release|Any CPU
	EndGlobalSection
	GlobalSection(ProjectConfigurationPlatforms) = postSolution
		{567145CC-3817-457B-B13B-A0B4640003AB}.Debug|Any CPU.ActiveCfg = Debug|Any CPU
		{567145CC-3817-457B-B13B-A0B4640003AB}.Release|Any CPU.ActiveCfg = Release|Any CPU
	EndGlobalSection
	GlobalSection(SolutionProperties) = preSolution
		HideSolutionNode = FALSE
	EndGlobalSection
	GlobalSection(ExtensibilityGlobals) = postSolution
		SolutionGuid = {EB6FFD50-D892-4DBE-B841-94BF43EA7765}
	EndGlobalSection
EndGlobal
