
Microsoft Visual Studio Solution File, Format Version 12.00
# Visual Studio Version 16
VisualStudioVersion = 16.0.34031.81
MinimumVisualStudioVersion = 10.0.40219.1
Project("{888888A0-9F3D-457C-B088-3A5042F75D52}") = "006Depth-firstsearchimplementation", "006Depth-firstsearchimplementation\006Depth-firstsearchimplementation.pyproj", "{B207A9D0-04D7-41CC-9E0D-4FD81564DDF6}"
EndProject
Global
	GlobalSection(SolutionConfigurationPlatforms) = preSolution
		Debug|Any CPU = Debug|Any CPU
		Release|Any CPU = Release|Any CPU
	EndGlobalSection
	GlobalSection(ProjectConfigurationPlatforms) = postSolution
		{B207A9D0-04D7-41CC-9E0D-4FD81564DDF6}.Debug|Any CPU.ActiveCfg = Debug|Any CPU
		{B207A9D0-04D7-41CC-9E0D-4FD81564DDF6}.Release|Any CPU.ActiveCfg = Release|Any CPU
	EndGlobalSection
	GlobalSection(SolutionProperties) = preSolution
		HideSolutionNode = FALSE
	EndGlobalSection
	GlobalSection(ExtensibilityGlobals) = postSolution
		SolutionGuid = {B01679DB-F28C-4765-A48F-1EFF9A9EA855}
	EndGlobalSection
EndGlobal
